
Microsoft Visual Studio Solution File, Format Version 12.00
# Visual Studio 15
VisualStudioVersion = 15.0.28307.779
MinimumVisualStudioVersion = 10.0.40219.1
Project("{FAE04EC0-301F-11D3-BF4B-00C04F79EFBC}") = "KO.Entity", "KO.Entity\KO.Entity.csproj", "{57259AF2-CACE-46F1-85F4-D7F7E1B21427}"
EndProject
Project("{FAE04EC0-301F-11D3-BF4B-00C04F79EFBC}") = "KO.Core", "KO.Core\KO.Core.csproj", "{62534768-4213-4B29-858C-8CFE26CEA167}"
EndProject
Project("{FAE04EC0-301F-11D3-BF4B-00C04F79EFBC}") = "KO.DAL", "KO.DAL\KO.DAL.csproj", "{489F9ECF-0A8C-4D63-B68E-7673C6AA14AE}"
EndProject
Project("{FAE04EC0-301F-11D3-BF4B-00C04F79EFBC}") = "KO.BLL", "KO.BLL\KO.BLL.csproj", "{9BE4F29F-C7BE-471D-975C-3ED59F47F75D}"
EndProject
Project("{FAE04EC0-301F-11D3-BF4B-00C04F79EFBC}") = "KO.UI.MVC", "KO.UI.MVC\KO.UI.MVC.csproj", "{B4E23DB1-3EDA-4EEC-B289-79DA9FBDAE6F}"
EndProject
Global
	GlobalSection(SolutionConfigurationPlatforms) = preSolution
		Debug|Any CPU = Debug|Any CPU
		Release|Any CPU = Release|Any CPU
	EndGlobalSection
	GlobalSection(ProjectConfigurationPlatforms) = postSolution
		{57259AF2-CACE-46F1-85F4-D7F7E1B21427}.Debug|Any CPU.ActiveCfg = Debug|Any CPU
		{57259AF2-CACE-46F1-85F4-D7F7E1B21427}.Debug|Any CPU.Build.0 = Debug|Any CPU
		{57259AF2-CACE-46F1-85F4-D7F7E1B21427}.Release|Any CPU.ActiveCfg = Release|Any CPU
		{57259AF2-CACE-46F1-85F4-D7F7E1B21427}.Release|Any CPU.Build.0 = Release|Any CPU
		{62534768-4213-4B29-858C-8CFE26CEA167}.Debug|Any CPU.ActiveCfg = Debug|Any CPU
		{62534768-4213-4B29-858C-8CFE26CEA167}.Debug|Any CPU.Build.0 = Debug|Any CPU
		{62534768-4213-4B29-858C-8CFE26CEA167}.Release|Any CPU.ActiveCfg = Release|Any CPU
		{62534768-4213-4B29-858C-8CFE26CEA167}.Release|Any CPU.Build.0 = Release|Any CPU
		{489F9ECF-0A8C-4D63-B68E-7673C6AA14AE}.Debug|Any CPU.ActiveCfg = Debug|Any CPU
		{489F9ECF-0A8C-4D63-B68E-7673C6AA14AE}.Debug|Any CPU.Build.0 = Debug|Any CPU
		{489F9ECF-0A8C-4D63-B68E-7673C6AA14AE}.Release|Any CPU.ActiveCfg = Release|Any CPU
		{489F9ECF-0A8C-4D63-B68E-7673C6AA14AE}.Release|Any CPU.Build.0 = Release|Any CPU
		{9BE4F29F-C7BE-471D-975C-3ED59F47F75D}.Debug|Any CPU.ActiveCfg = Debug|Any CPU
		{9BE4F29F-C7BE-471D-975C-3ED59F47F75D}.Debug|Any CPU.Build.0 = Debug|Any CPU
		{9BE4F29F-C7BE-471D-975C-3ED59F47F75D}.Release|Any CPU.ActiveCfg = Release|Any CPU
		{9BE4F29F-C7BE-471D-975C-3ED59F47F75D}.Release|Any CPU.Build.0 = Release|Any CPU
		{B4E23DB1-3EDA-4EEC-B289-79DA9FBDAE6F}.Debug|Any CPU.ActiveCfg = Debug|Any CPU
		{B4E23DB1-3EDA-4EEC-B289-79DA9FBDAE6F}.Debug|Any CPU.Build.0 = Debug|Any CPU
		{B4E23DB1-3EDA-4EEC-B289-79DA9FBDAE6F}.Release|Any CPU.ActiveCfg = Release|Any CPU
		{B4E23DB1-3EDA-4EEC-B289-79DA9FBDAE6F}.Release|Any CPU.Build.0 = Release|Any CPU
	EndGlobalSection
	GlobalSection(SolutionProperties) = preSolution
		HideSolutionNode = FALSE
	EndGlobalSection
	GlobalSection(ExtensibilityGlobals) = postSolution
		SolutionGuid = {43F8CD5C-366D-4A50-A846-87EC13CE24FB}
	EndGlobalSection
EndGlobal
